{
  "version": 4,
  "terraform_version": "1.14.2",
  "serial": 44,
  "lineage": "853df5fb-6856-9c66-ddc0-0c5781564ffa",
  "outputs": {},
  "resources": [
    {
      "mode": "managed",
      "type": "google_bigquery_dataset",
      "name": "bigquery_dataset",
      "provider": "provider[\"registry.terraform.io/hashicorp/google\"]",
      "instances": [
        {
          "schema_version": 0,
          "attributes": {
            "access": [
              {
                "condition": [],
                "dataset": [],
                "domain": "",
                "group_by_email": "",
                "iam_member": "",
                "role": "OWNER",
                "routine": [],
                "special_group": "",
                "user_by_email": "jorgealbalat6@gmail.com",
                "view": []
              },
              {
                "condition": [],
                "dataset": [],
                "domain": "",
                "group_by_email": "",
                "iam_member": "",
                "role": "OWNER",
                "routine": [],
                "special_group": "projectOwners",
                "user_by_email": "",
                "view": []
              },
              {
                "condition": [],
                "dataset": [],
                "domain": "",
                "group_by_email": "",
                "iam_member": "",
                "role": "READER",
                "routine": [],
                "special_group": "projectReaders",
                "user_by_email": "",
                "view": []
              },
              {
                "condition": [],
                "dataset": [],
                "domain": "",
                "group_by_email": "",
                "iam_member": "",
                "role": "WRITER",
                "routine": [],
                "special_group": "projectWriters",
                "user_by_email": "",
                "view": []
              }
            ],
            "creation_time": 1770493068218,
            "dataset_id": "analitical_dataset",
            "default_collation": "",
            "default_encryption_configuration": [],
            "default_partition_expiration_ms": 0,
            "default_table_expiration_ms": 0,
            "delete_contents_on_destroy": false,
            "description": "",
            "effective_labels": {
              "goog-terraform-provisioned": "true"
            },
            "etag": "SM3tkk3b/KCyjs4sTt48RA==",
            "external_catalog_dataset_options": [],
            "external_dataset_reference": [],
            "friendly_name": "",
            "id": "projects/data-project-streaming-486719/datasets/analitical_dataset",
            "is_case_insensitive": false,
            "labels": null,
            "last_modified_time": 1770493068218,
            "location": "europe-west6",
            "max_time_travel_hours": "168",
            "project": "data-project-streaming-486719",
            "resource_tags": null,
            "self_link": "https://bigquery.googleapis.com/bigquery/v2/projects/data-project-streaming-486719/datasets/analitical_dataset",
            "storage_billing_model": "",
            "terraform_labels": {
              "goog-terraform-provisioned": "true"
            },
            "timeouts": null
          },
          "sensitive_attributes": [],
          "identity_schema_version": 0,
          "private": "eyJlMmJmYjczMC1lY2FhLTExZTYtOGY4OC0zNDM2M2JjN2M0YzAiOnsiY3JlYXRlIjoxMjAwMDAwMDAwMDAwLCJkZWxldGUiOjEyMDAwMDAwMDAwMDAsInVwZGF0ZSI6MTIwMDAwMDAwMDAwMH19"
        }
      ]
    },
    {
      "mode": "managed",
      "type": "google_pubsub_subscription",
      "name": "agresores_alertas_sub",
      "provider": "provider[\"registry.terraform.io/hashicorp/google\"]",
      "instances": [
        {
          "schema_version": 0,
          "attributes": {
            "ack_deadline_seconds": 10,
            "bigquery_config": [],
            "cloud_storage_config": [],
            "dead_letter_policy": [],
            "effective_labels": {
              "goog-terraform-provisioned": "true"
            },
            "enable_exactly_once_delivery": false,
            "enable_message_ordering": false,
            "expiration_policy": [
              {
                "ttl": "2678400s"
              }
            ],
            "filter": "",
            "id": "projects/data-project-streaming-486719/subscriptions/agresores-alertas-sub",
            "labels": null,
            "message_retention_duration": "604800s",
            "message_transforms": [],
            "name": "agresores-alertas-sub",
            "project": "data-project-streaming-486719",
            "push_config": [],
            "retain_acked_messages": false,
            "retry_policy": [],
            "tags": null,
            "terraform_labels": {
              "goog-terraform-provisioned": "true"
            },
            "timeouts": null,
            "topic": "projects/data-project-streaming-486719/topics/agresores-alertas"
          },
          "sensitive_attributes": [],
          "identity_schema_version": 0,
          "private": "eyJlMmJmYjczMC1lY2FhLTExZTYtOGY4OC0zNDM2M2JjN2M0YzAiOnsiY3JlYXRlIjoxMjAwMDAwMDAwMDAwLCJkZWxldGUiOjEyMDAwMDAwMDAwMDAsInVwZGF0ZSI6MTIwMDAwMDAwMDAwMH19",
          "dependencies": [
            "google_pubsub_topic.agresores_alertas"
          ]
        }
      ]
    },
    {
      "mode": "managed",
      "type": "google_pubsub_subscription",
      "name": "agresores_datos_sub",
      "provider": "provider[\"registry.terraform.io/hashicorp/google\"]",
      "instances": [
        {
          "schema_version": 0,
          "attributes": {
            "ack_deadline_seconds": 10,
            "bigquery_config": [],
            "cloud_storage_config": [],
            "dead_letter_policy": [],
            "effective_labels": {
              "goog-terraform-provisioned": "true"
            },
            "enable_exactly_once_delivery": false,
            "enable_message_ordering": false,
            "expiration_policy": [
              {
                "ttl": "2678400s"
              }
            ],
            "filter": "",
            "id": "projects/data-project-streaming-486719/subscriptions/agresores-datos-sub",
            "labels": null,
            "message_retention_duration": "604800s",
            "message_transforms": [],
            "name": "agresores-datos-sub",
            "project": "data-project-streaming-486719",
            "push_config": [],
            "retain_acked_messages": false,
            "retry_policy": [],
            "tags": null,
            "terraform_labels": {
              "goog-terraform-provisioned": "true"
            },
            "timeouts": null,
            "topic": "projects/data-project-streaming-486719/topics/agresores-datos"
          },
          "sensitive_attributes": [],
          "identity_schema_version": 0,
          "private": "eyJlMmJmYjczMC1lY2FhLTExZTYtOGY4OC0zNDM2M2JjN2M0YzAiOnsiY3JlYXRlIjoxMjAwMDAwMDAwMDAwLCJkZWxldGUiOjEyMDAwMDAwMDAwMDAsInVwZGF0ZSI6MTIwMDAwMDAwMDAwMH19",
          "dependencies": [
            "google_pubsub_topic.agresores_datos"
          ]
        }
      ]
    },
    {
      "mode": "managed",
      "type": "google_pubsub_subscription",
      "name": "policia_alertas_sub",
      "provider": "provider[\"registry.terraform.io/hashicorp/google\"]",
      "instances": [
        {
          "schema_version": 0,
          "attributes": {
            "ack_deadline_seconds": 10,
            "bigquery_config": [],
            "cloud_storage_config": [],
            "dead_letter_policy": [],
            "effective_labels": {
              "goog-terraform-provisioned": "true"
            },
            "enable_exactly_once_delivery": false,
            "enable_message_ordering": false,
            "expiration_policy": [
              {
                "ttl": "2678400s"
              }
            ],
            "filter": "",
            "id": "projects/data-project-streaming-486719/subscriptions/policia-alertas-sub",
            "labels": null,
            "message_retention_duration": "604800s",
            "message_transforms": [],
            "name": "policia-alertas-sub",
            "project": "data-project-streaming-486719",
            "push_config": [],
            "retain_acked_messages": false,
            "retry_policy": [],
            "tags": null,
            "terraform_labels": {
              "goog-terraform-provisioned": "true"
            },
            "timeouts": null,
            "topic": "projects/data-project-streaming-486719/topics/policia-alertas"
          },
          "sensitive_attributes": [],
          "identity_schema_version": 0,
          "private": "eyJlMmJmYjczMC1lY2FhLTExZTYtOGY4OC0zNDM2M2JjN2M0YzAiOnsiY3JlYXRlIjoxMjAwMDAwMDAwMDAwLCJkZWxldGUiOjEyMDAwMDAwMDAwMDAsInVwZGF0ZSI6MTIwMDAwMDAwMDAwMH19",
          "dependencies": [
            "google_pubsub_topic.policia_alertas"
          ]
        }
      ]
    },
    {
      "mode": "managed",
      "type": "google_pubsub_subscription",
      "name": "victimas_alertas_sub",
      "provider": "provider[\"registry.terraform.io/hashicorp/google\"]",
      "instances": [
        {
          "schema_version": 0,
          "attributes": {
            "ack_deadline_seconds": 10,
            "bigquery_config": [],
            "cloud_storage_config": [],
            "dead_letter_policy": [],
            "effective_labels": {
              "goog-terraform-provisioned": "true"
            },
            "enable_exactly_once_delivery": false,
            "enable_message_ordering": false,
            "expiration_policy": [
              {
                "ttl": "2678400s"
              }
            ],
            "filter": "",
            "id": "projects/data-project-streaming-486719/subscriptions/victimas-alertas-sub",
            "labels": null,
            "message_retention_duration": "604800s",
            "message_transforms": [],
            "name": "victimas-alertas-sub",
            "project": "data-project-streaming-486719",
            "push_config": [],
            "retain_acked_messages": false,
            "retry_policy": [],
            "tags": null,
            "terraform_labels": {
              "goog-terraform-provisioned": "true"
            },
            "timeouts": null,
            "topic": "projects/data-project-streaming-486719/topics/victimas-alertas"
          },
          "sensitive_attributes": [],
          "identity_schema_version": 0,
          "private": "eyJlMmJmYjczMC1lY2FhLTExZTYtOGY4OC0zNDM2M2JjN2M0YzAiOnsiY3JlYXRlIjoxMjAwMDAwMDAwMDAwLCJkZWxldGUiOjEyMDAwMDAwMDAwMDAsInVwZGF0ZSI6MTIwMDAwMDAwMDAwMH19",
          "dependencies": [
            "google_pubsub_topic.victimas_alertas"
          ]
        }
      ]
    },
    {
      "mode": "managed",
      "type": "google_pubsub_subscription",
      "name": "victimas_datos_sub",
      "provider": "provider[\"registry.terraform.io/hashicorp/google\"]",
      "instances": [
        {
          "schema_version": 0,
          "attributes": {
            "ack_deadline_seconds": 10,
            "bigquery_config": [],
            "cloud_storage_config": [],
            "dead_letter_policy": [],
            "effective_labels": {
              "goog-terraform-provisioned": "true"
            },
            "enable_exactly_once_delivery": false,
            "enable_message_ordering": false,
            "expiration_policy": [
              {
                "ttl": "2678400s"
              }
            ],
            "filter": "",
            "id": "projects/data-project-streaming-486719/subscriptions/victimas-datos-sub",
            "labels": null,
            "message_retention_duration": "604800s",
            "message_transforms": [],
            "name": "victimas-datos-sub",
            "project": "data-project-streaming-486719",
            "push_config": [],
            "retain_acked_messages": false,
            "retry_policy": [],
            "tags": null,
            "terraform_labels": {
              "goog-terraform-provisioned": "true"
            },
            "timeouts": null,
            "topic": "projects/data-project-streaming-486719/topics/victimas-datos"
          },
          "sensitive_attributes": [],
          "identity_schema_version": 0,
          "private": "eyJlMmJmYjczMC1lY2FhLTExZTYtOGY4OC0zNDM2M2JjN2M0YzAiOnsiY3JlYXRlIjoxMjAwMDAwMDAwMDAwLCJkZWxldGUiOjEyMDAwMDAwMDAwMDAsInVwZGF0ZSI6MTIwMDAwMDAwMDAwMH19",
          "dependencies": [
            "google_pubsub_topic.victimas_datos"
          ]
        }
      ]
    },
    {
      "mode": "managed",
      "type": "google_pubsub_topic",
      "name": "agresores_alertas",
      "provider": "provider[\"registry.terraform.io/hashicorp/google\"]",
      "instances": [
        {
          "schema_version": 0,
          "attributes": {
            "effective_labels": {
              "goog-terraform-provisioned": "true"
            },
            "id": "projects/data-project-streaming-486719/topics/agresores-alertas",
            "ingestion_data_source_settings": [],
            "kms_key_name": "",
            "labels": null,
            "message_retention_duration": "",
            "message_storage_policy": [],
            "message_transforms": [],
            "name": "agresores-alertas",
            "project": "data-project-streaming-486719",
            "schema_settings": [],
            "tags": null,
            "terraform_labels": {
              "goog-terraform-provisioned": "true"
            },
            "timeouts": null
          },
          "sensitive_attributes": [],
          "identity_schema_version": 0,
          "private": "eyJlMmJmYjczMC1lY2FhLTExZTYtOGY4OC0zNDM2M2JjN2M0YzAiOnsiY3JlYXRlIjoxMjAwMDAwMDAwMDAwLCJkZWxldGUiOjEyMDAwMDAwMDAwMDAsInVwZGF0ZSI6MTIwMDAwMDAwMDAwMH19"
        }
      ]
    },
    {
      "mode": "managed",
      "type": "google_pubsub_topic",
      "name": "agresores_datos",
      "provider": "provider[\"registry.terraform.io/hashicorp/google\"]",
      "instances": [
        {
          "schema_version": 0,
          "attributes": {
            "effective_labels": {
              "goog-terraform-provisioned": "true"
            },
            "id": "projects/data-project-streaming-486719/topics/agresores-datos",
            "ingestion_data_source_settings": [],
            "kms_key_name": "",
            "labels": null,
            "message_retention_duration": "",
            "message_storage_policy": [],
            "message_transforms": [],
            "name": "agresores-datos",
            "project": "data-project-streaming-486719",
            "schema_settings": [],
            "tags": null,
            "terraform_labels": {
              "goog-terraform-provisioned": "true"
            },
            "timeouts": null
          },
          "sensitive_attributes": [],
          "identity_schema_version": 0,
          "private": "eyJlMmJmYjczMC1lY2FhLTExZTYtOGY4OC0zNDM2M2JjN2M0YzAiOnsiY3JlYXRlIjoxMjAwMDAwMDAwMDAwLCJkZWxldGUiOjEyMDAwMDAwMDAwMDAsInVwZGF0ZSI6MTIwMDAwMDAwMDAwMH19"
        }
      ]
    },
    {
      "mode": "managed",
      "type": "google_pubsub_topic",
      "name": "policia_alertas",
      "provider": "provider[\"registry.terraform.io/hashicorp/google\"]",
      "instances": [
        {
          "schema_version": 0,
          "attributes": {
            "effective_labels": {
              "goog-terraform-provisioned": "true"
            },
            "id": "projects/data-project-streaming-486719/topics/policia-alertas",
            "ingestion_data_source_settings": [],
            "kms_key_name": "",
            "labels": null,
            "message_retention_duration": "",
            "message_storage_policy": [],
            "message_transforms": [],
            "name": "policia-alertas",
            "project": "data-project-streaming-486719",
            "schema_settings": [],
            "tags": null,
            "terraform_labels": {
              "goog-terraform-provisioned": "true"
            },
            "timeouts": null
          },
          "sensitive_attributes": [],
          "identity_schema_version": 0,
          "private": "eyJlMmJmYjczMC1lY2FhLTExZTYtOGY4OC0zNDM2M2JjN2M0YzAiOnsiY3JlYXRlIjoxMjAwMDAwMDAwMDAwLCJkZWxldGUiOjEyMDAwMDAwMDAwMDAsInVwZGF0ZSI6MTIwMDAwMDAwMDAwMH19"
        }
      ]
    },
    {
      "mode": "managed",
      "type": "google_pubsub_topic",
      "name": "victimas_alertas",
      "provider": "provider[\"registry.terraform.io/hashicorp/google\"]",
      "instances": [
        {
          "schema_version": 0,
          "attributes": {
            "effective_labels": {
              "goog-terraform-provisioned": "true"
            },
            "id": "projects/data-project-streaming-486719/topics/victimas-alertas",
            "ingestion_data_source_settings": [],
            "kms_key_name": "",
            "labels": null,
            "message_retention_duration": "",
            "message_storage_policy": [],
            "message_transforms": [],
            "name": "victimas-alertas",
            "project": "data-project-streaming-486719",
            "schema_settings": [],
            "tags": null,
            "terraform_labels": {
              "goog-terraform-provisioned": "true"
            },
            "timeouts": null
          },
          "sensitive_attributes": [],
          "identity_schema_version": 0,
          "private": "eyJlMmJmYjczMC1lY2FhLTExZTYtOGY4OC0zNDM2M2JjN2M0YzAiOnsiY3JlYXRlIjoxMjAwMDAwMDAwMDAwLCJkZWxldGUiOjEyMDAwMDAwMDAwMDAsInVwZGF0ZSI6MTIwMDAwMDAwMDAwMH19"
        }
      ]
    },
    {
      "mode": "managed",
      "type": "google_pubsub_topic",
      "name": "victimas_datos",
      "provider": "provider[\"registry.terraform.io/hashicorp/google\"]",
      "instances": [
        {
          "schema_version": 0,
          "attributes": {
            "effective_labels": {
              "goog-terraform-provisioned": "true"
            },
            "id": "projects/data-project-streaming-486719/topics/victimas-datos",
            "ingestion_data_source_settings": [],
            "kms_key_name": "",
            "labels": null,
            "message_retention_duration": "",
            "message_storage_policy": [],
            "message_transforms": [],
            "name": "victimas-datos",
            "project": "data-project-streaming-486719",
            "schema_settings": [],
            "tags": null,
            "terraform_labels": {
              "goog-terraform-provisioned": "true"
            },
            "timeouts": null
          },
          "sensitive_attributes": [],
          "identity_schema_version": 0,
          "private": "eyJlMmJmYjczMC1lY2FhLTExZTYtOGY4OC0zNDM2M2JjN2M0YzAiOnsiY3JlYXRlIjoxMjAwMDAwMDAwMDAwLCJkZWxldGUiOjEyMDAwMDAwMDAwMDAsInVwZGF0ZSI6MTIwMDAwMDAwMDAwMH19"
        }
      ]
    }
  ],
  "check_results": null
}
